// !$*UTF8*$!
{
	archiveVersion = 1;
	classes = {
	};
	objectVersion = 46;
	objects = {

/* Begin PBXBuildFile section */
		4F1699711AE646DF003CE06C /* URLStubProtocol.swift in Sources */ = {isa = PBXBuildFile; fileRef = 4F1699701AE646DF003CE06C /* URLStubProtocol.swift */; };
		4F1699741AE6560F003CE06C /* URLStubProtocol.swift in Sources */ = {isa = PBXBuildFile; fileRef = 4F1699701AE646DF003CE06C /* URLStubProtocol.swift */; };
		4F23A7CB1AE7488200188691 /* MatchResult.swift in Sources */ = {isa = PBXBuildFile; fileRef = 4F23A7CA1AE7488200188691 /* MatchResult.swift */; };
		4F23A7CC1AE7488200188691 /* MatchResult.swift in Sources */ = {isa = PBXBuildFile; fileRef = 4F23A7CA1AE7488200188691 /* MatchResult.swift */; };
		4FA9BB0F1AE5354700C94243 /* Velociraptor.h in Headers */ = {isa = PBXBuildFile; fileRef = 4FA9BB0E1AE5354700C94243 /* Velociraptor.h */; settings = {ATTRIBUTES = (Public, ); }; };
		4FA9BB151AE5354700C94243 /* Velociraptor.framework in Frameworks */ = {isa = PBXBuildFile; fileRef = 4FA9BB091AE5354700C94243 /* Velociraptor.framework */; };
		4FA9BB271AE5DB1300C94243 /* VelociraptorManager.swift in Sources */ = {isa = PBXBuildFile; fileRef = 4FA9BB261AE5DB1300C94243 /* VelociraptorManager.swift */; };
		4FA9BB281AE5DB1300C94243 /* VelociraptorManager.swift in Sources */ = {isa = PBXBuildFile; fileRef = 4FA9BB261AE5DB1300C94243 /* VelociraptorManager.swift */; };
		4FA9BB2B1AE5E45200C94243 /* VLRURLRequestConvertible.swift in Sources */ = {isa = PBXBuildFile; fileRef = 4FA9BB2A1AE5E45200C94243 /* VLRURLRequestConvertible.swift */; };
		4FA9BB2C1AE5E45200C94243 /* VLRURLRequestConvertible.swift in Sources */ = {isa = PBXBuildFile; fileRef = 4FA9BB2A1AE5E45200C94243 /* VLRURLRequestConvertible.swift */; };
		4FA9BB2E1AE5EA5600C94243 /* VLRStubbedPair.swift in Sources */ = {isa = PBXBuildFile; fileRef = 4FA9BB2D1AE5EA5600C94243 /* VLRStubbedPair.swift */; };
		4FA9BB2F1AE5EA5600C94243 /* VLRStubbedPair.swift in Sources */ = {isa = PBXBuildFile; fileRef = 4FA9BB2D1AE5EA5600C94243 /* VLRStubbedPair.swift */; };
		4FEADA1F1AE7CB8C00CD344B /* NSURLSessionConfiguration+Swizzling.swift in Sources */ = {isa = PBXBuildFile; fileRef = 4FEADA1E1AE7CB8C00CD344B /* NSURLSessionConfiguration+Swizzling.swift */; };
		4FEADA201AE7CB8C00CD344B /* NSURLSessionConfiguration+Swizzling.swift in Sources */ = {isa = PBXBuildFile; fileRef = 4FEADA1E1AE7CB8C00CD344B /* NSURLSessionConfiguration+Swizzling.swift */; };
/* End PBXBuildFile section */

/* Begin PBXContainerItemProxy section */
		4FA9BB161AE5354700C94243 /* PBXContainerItemProxy */ = {
			isa = PBXContainerItemProxy;
			containerPortal = 4FA9BB001AE5354700C94243 /* Project object */;
			proxyType = 1;
			remoteGlobalIDString = 4FA9BB081AE5354700C94243;
			remoteInfo = Velociraptor;
		};
/* End PBXContainerItemProxy section */

/* Begin PBXFileReference section */
		4F1699701AE646DF003CE06C /* URLStubProtocol.swift */ = {isa = PBXFileReference; fileEncoding = 4; lastKnownFileType = sourcecode.swift; name = URLStubProtocol.swift; path = URLProtocols/URLStubProtocol.swift; sourceTree = "<group>"; };
		4F23A7CA1AE7488200188691 /* MatchResult.swift */ = {isa = PBXFileReference; fileEncoding = 4; lastKnownFileType = sourcecode.swift; path = MatchResult.swift; sourceTree = "<group>"; };
		4FA9BB091AE5354700C94243 /* Velociraptor.framework */ = {isa = PBXFileReference; explicitFileType = wrapper.framework; includeInIndex = 0; path = Velociraptor.framework; sourceTree = BUILT_PRODUCTS_DIR; };
		4FA9BB0D1AE5354700C94243 /* Info.plist */ = {isa = PBXFileReference; lastKnownFileType = text.plist.xml; path = Info.plist; sourceTree = "<group>"; };
		4FA9BB0E1AE5354700C94243 /* Velociraptor.h */ = {isa = PBXFileReference; lastKnownFileType = sourcecode.c.h; path = Velociraptor.h; sourceTree = "<group>"; };
		4FA9BB141AE5354700C94243 /* VelociraptorTests.xctest */ = {isa = PBXFileReference; explicitFileType = wrapper.cfbundle; includeInIndex = 0; path = VelociraptorTests.xctest; sourceTree = BUILT_PRODUCTS_DIR; };
		4FA9BB1A1AE5354700C94243 /* Info.plist */ = {isa = PBXFileReference; lastKnownFileType = text.plist.xml; path = Info.plist; sourceTree = "<group>"; };
		4FA9BB261AE5DB1300C94243 /* VelociraptorManager.swift */ = {isa = PBXFileReference; fileEncoding = 4; lastKnownFileType = sourcecode.swift; path = VelociraptorManager.swift; sourceTree = "<group>"; };
		4FA9BB2A1AE5E45200C94243 /* VLRURLRequestConvertible.swift */ = {isa = PBXFileReference; fileEncoding = 4; lastKnownFileType = sourcecode.swift; name = VLRURLRequestConvertible.swift; path = Protocols/VLRURLRequestConvertible.swift; sourceTree = "<group>"; };
		4FA9BB2D1AE5EA5600C94243 /* VLRStubbedPair.swift */ = {isa = PBXFileReference; fileEncoding = 4; lastKnownFileType = sourcecode.swift; path = VLRStubbedPair.swift; sourceTree = "<group>"; };
		4FEADA1E1AE7CB8C00CD344B /* NSURLSessionConfiguration+Swizzling.swift */ = {isa = PBXFileReference; fileEncoding = 4; lastKnownFileType = sourcecode.swift; path = "NSURLSessionConfiguration+Swizzling.swift"; sourceTree = "<group>"; };
/* End PBXFileReference section */

/* Begin PBXFrameworksBuildPhase section */
		4FA9BB051AE5354700C94243 /* Frameworks */ = {
			isa = PBXFrameworksBuildPhase;
			buildActionMask = 2147483647;
			files = (
			);
			runOnlyForDeploymentPostprocessing = 0;
		};
		4FA9BB111AE5354700C94243 /* Frameworks */ = {
			isa = PBXFrameworksBuildPhase;
			buildActionMask = 2147483647;
			files = (
				4FA9BB151AE5354700C94243 /* Velociraptor.framework in Frameworks */,
			);
			runOnlyForDeploymentPostprocessing = 0;
		};
/* End PBXFrameworksBuildPhase section */

/* Begin PBXGroup section */
		39200EB667E8F5D18A6884ED /* Frameworks */ = {
			isa = PBXGroup;
			children = (
			);
			name = Frameworks;
			sourceTree = "<group>";
		};
		4F16996F1AE64638003CE06C /* URLProtocols */ = {
			isa = PBXGroup;
			children = (
				4F1699701AE646DF003CE06C /* URLStubProtocol.swift */,
			);
			name = URLProtocols;
			sourceTree = "<group>";
		};
		4FA9BAFF1AE5354700C94243 = {
			isa = PBXGroup;
			children = (
				4FA9BB0B1AE5354700C94243 /* Velociraptor */,
				4FA9BB181AE5354700C94243 /* VelociraptorTests */,
				4FA9BB0A1AE5354700C94243 /* Products */,
				39200EB667E8F5D18A6884ED /* Frameworks */,
			);
			sourceTree = "<group>";
		};
		4FA9BB0A1AE5354700C94243 /* Products */ = {
			isa = PBXGroup;
			children = (
				4FA9BB091AE5354700C94243 /* Velociraptor.framework */,
				4FA9BB141AE5354700C94243 /* VelociraptorTests.xctest */,
			);
			name = Products;
			sourceTree = "<group>";
		};
		4FA9BB0B1AE5354700C94243 /* Velociraptor */ = {
			isa = PBXGroup;
			children = (
				4F16996F1AE64638003CE06C /* URLProtocols */,
				4FA9BB291AE5E40700C94243 /* Protocols */,
				4FA9BB0E1AE5354700C94243 /* Velociraptor.h */,
				4FA9BB0C1AE5354700C94243 /* Supporting Files */,
				4FA9BB261AE5DB1300C94243 /* VelociraptorManager.swift */,
				4FA9BB2D1AE5EA5600C94243 /* VLRStubbedPair.swift */,
				4F23A7CA1AE7488200188691 /* MatchResult.swift */,
				4FEADA1E1AE7CB8C00CD344B /* NSURLSessionConfiguration+Swizzling.swift */,
			);
			path = Velociraptor;
			sourceTree = "<group>";
		};
		4FA9BB0C1AE5354700C94243 /* Supporting Files */ = {
			isa = PBXGroup;
			children = (
				4FA9BB0D1AE5354700C94243 /* Info.plist */,
			);
			name = "Supporting Files";
			sourceTree = "<group>";
		};
		4FA9BB181AE5354700C94243 /* VelociraptorTests */ = {
			isa = PBXGroup;
			children = (
				4FA9BB191AE5354700C94243 /* Supporting Files */,
			);
			path = VelociraptorTests;
			sourceTree = "<group>";
		};
		4FA9BB191AE5354700C94243 /* Supporting Files */ = {
			isa = PBXGroup;
			children = (
				4FA9BB1A1AE5354700C94243 /* Info.plist */,
			);
			name = "Supporting Files";
			sourceTree = "<group>";
		};
		4FA9BB291AE5E40700C94243 /* Protocols */ = {
			isa = PBXGroup;
			children = (
				4FA9BB2A1AE5E45200C94243 /* VLRURLRequestConvertible.swift */,
			);
			name = Protocols;
			sourceTree = "<group>";
		};
/* End PBXGroup section */

/* Begin PBXHeadersBuildPhase section */
		4FA9BB061AE5354700C94243 /* Headers */ = {
			isa = PBXHeadersBuildPhase;
			buildActionMask = 2147483647;
			files = (
				4FA9BB0F1AE5354700C94243 /* Velociraptor.h in Headers */,
			);
			runOnlyForDeploymentPostprocessing = 0;
		};
/* End PBXHeadersBuildPhase section */

/* Begin PBXNativeTarget section */
		4FA9BB081AE5354700C94243 /* Velociraptor */ = {
			isa = PBXNativeTarget;
			buildConfigurationList = 4FA9BB1F1AE5354700C94243 /* Build configuration list for PBXNativeTarget "Velociraptor" */;
			buildPhases = (
				4FA9BB041AE5354700C94243 /* Sources */,
				4FA9BB051AE5354700C94243 /* Frameworks */,
				4FA9BB061AE5354700C94243 /* Headers */,
				4FA9BB071AE5354700C94243 /* Resources */,
			);
			buildRules = (
			);
			dependencies = (
			);
			name = Velociraptor;
			productName = Velociraptor;
			productReference = 4FA9BB091AE5354700C94243 /* Velociraptor.framework */;
			productType = "com.apple.product-type.framework";
		};
		4FA9BB131AE5354700C94243 /* VelociraptorTests */ = {
			isa = PBXNativeTarget;
			buildConfigurationList = 4FA9BB221AE5354700C94243 /* Build configuration list for PBXNativeTarget "VelociraptorTests" */;
			buildPhases = (
				4FA9BB101AE5354700C94243 /* Sources */,
				4FA9BB111AE5354700C94243 /* Frameworks */,
				4FA9BB121AE5354700C94243 /* Resources */,
			);
			buildRules = (
			);
			dependencies = (
				4FA9BB171AE5354700C94243 /* PBXTargetDependency */,
			);
			name = VelociraptorTests;
			productName = VelociraptorTests;
			productReference = 4FA9BB141AE5354700C94243 /* VelociraptorTests.xctest */;
			productType = "com.apple.product-type.bundle.unit-test";
		};
/* End PBXNativeTarget section */

/* Begin PBXProject section */
		4FA9BB001AE5354700C94243 /* Project object */ = {
			isa = PBXProject;
			attributes = {
				LastUpgradeCheck = 0630;
				ORGANIZATIONNAME = Code4Blues;
				TargetAttributes = {
					4FA9BB081AE5354700C94243 = {
						CreatedOnToolsVersion = 6.3;
					};
					4FA9BB131AE5354700C94243 = {
						CreatedOnToolsVersion = 6.3;
					};
				};
			};
			buildConfigurationList = 4FA9BB031AE5354700C94243 /* Build configuration list for PBXProject "Velociraptor" */;
			compatibilityVersion = "Xcode 3.2";
			developmentRegion = English;
			hasScannedForEncodings = 0;
			knownRegions = (
				en,
			);
			mainGroup = 4FA9BAFF1AE5354700C94243;
			productRefGroup = 4FA9BB0A1AE5354700C94243 /* Products */;
			projectDirPath = "";
			projectRoot = "";
			targets = (
				4FA9BB081AE5354700C94243 /* Velociraptor */,
				4FA9BB131AE5354700C94243 /* VelociraptorTests */,
			);
		};
/* End PBXProject section */

/* Begin PBXResourcesBuildPhase section */
		4FA9BB071AE5354700C94243 /* Resources */ = {
			isa = PBXResourcesBuildPhase;
			buildActionMask = 2147483647;
			files = (
			);
			runOnlyForDeploymentPostprocessing = 0;
		};
		4FA9BB121AE5354700C94243 /* Resources */ = {
			isa = PBXResourcesBuildPhase;
			buildActionMask = 2147483647;
			files = (
			);
			runOnlyForDeploymentPostprocessing = 0;
		};
/* End PBXResourcesBuildPhase section */

/* Begin PBXSourcesBuildPhase section */
		4FA9BB041AE5354700C94243 /* Sources */ = {
			isa = PBXSourcesBuildPhase;
			buildActionMask = 2147483647;
			files = (
				4F1699711AE646DF003CE06C /* URLStubProtocol.swift in Sources */,
				4FA9BB2E1AE5EA5600C94243 /* VLRStubbedPair.swift in Sources */,
				4FEADA1F1AE7CB8C00CD344B /* NSURLSessionConfiguration+Swizzling.swift in Sources */,
				4FA9BB2B1AE5E45200C94243 /* VLRURLRequestConvertible.swift in Sources */,
				4FA9BB271AE5DB1300C94243 /* VelociraptorManager.swift in Sources */,
				4F23A7CB1AE7488200188691 /* MatchResult.swift in Sources */,
			);
			runOnlyForDeploymentPostprocessing = 0;
		};
		4FA9BB101AE5354700C94243 /* Sources */ = {
			isa = PBXSourcesBuildPhase;
			buildActionMask = 2147483647;
			files = (
				4F1699741AE6560F003CE06C /* URLStubProtocol.swift in Sources */,
				4FA9BB2C1AE5E45200C94243 /* VLRURLRequestConvertible.swift in Sources */,
				4FEADA201AE7CB8C00CD344B /* NSURLSessionConfiguration+Swizzling.swift in Sources */,
				4FA9BB2F1AE5EA5600C94243 /* VLRStubbedPair.swift in Sources */,
				4F23A7CC1AE7488200188691 /* MatchResult.swift in Sources */,
				4FA9BB281AE5DB1300C94243 /* VelociraptorManager.swift in Sources */,
			);
			runOnlyForDeploymentPostprocessing = 0;
		};
/* End PBXSourcesBuildPhase section */

/* Begin PBXTargetDependency section */
		4FA9BB171AE5354700C94243 /* PBXTargetDependency */ = {
			isa = PBXTargetDependency;
			target = 4FA9BB081AE5354700C94243 /* Velociraptor */;
			targetProxy = 4FA9BB161AE5354700C94243 /* PBXContainerItemProxy */;
		};
/* End PBXTargetDependency section */

/* Begin XCBuildConfiguration section */
		4FA9BB1D1AE5354700C94243 /* Debug */ = {
			isa = XCBuildConfiguration;
			buildSettings = {
				ALWAYS_SEARCH_USER_PATHS = NO;
				CLANG_CXX_LANGUAGE_STANDARD = "gnu++0x";
				CLANG_CXX_LIBRARY = "libc++";
				CLANG_ENABLE_MODULES = YES;
				CLANG_ENABLE_OBJC_ARC = YES;
				CLANG_WARN_BOOL_CONVERSION = YES;
				CLANG_WARN_CONSTANT_CONVERSION = YES;
				CLANG_WARN_DIRECT_OBJC_ISA_USAGE = YES_ERROR;
				CLANG_WARN_EMPTY_BODY = YES;
				CLANG_WARN_ENUM_CONVERSION = YES;
				CLANG_WARN_INT_CONVERSION = YES;
				CLANG_WARN_OBJC_ROOT_CLASS = YES_ERROR;
				CLANG_WARN_UNREACHABLE_CODE = YES;
				CLANG_WARN__DUPLICATE_METHOD_MATCH = YES;
				"CODE_SIGN_IDENTITY[sdk=iphoneos*]" = "iPhone Developer";
				COPY_PHASE_STRIP = NO;
				CURRENT_PROJECT_VERSION = 1;
				DEBUG_INFORMATION_FORMAT = "dwarf-with-dsym";
				ENABLE_STRICT_OBJC_MSGSEND = YES;
				GCC_C_LANGUAGE_STANDARD = gnu99;
				GCC_DYNAMIC_NO_PIC = NO;
				GCC_NO_COMMON_BLOCKS = YES;
				GCC_OPTIMIZATION_LEVEL = 0;
				GCC_PREPROCESSOR_DEFINITIONS = (
					"DEBUG=1",
					"$(inherited)",
				);
				GCC_SYMBOLS_PRIVATE_EXTERN = NO;
				GCC_WARN_64_TO_32_BIT_CONVERSION = YES;
				GCC_WARN_ABOUT_RETURN_TYPE = YES_ERROR;
				GCC_WARN_UNDECLARED_SELECTOR = YES;
				GCC_WARN_UNINITIALIZED_AUTOS = YES_AGGRESSIVE;
				GCC_WARN_UNUSED_FUNCTION = YES;
				GCC_WARN_UNUSED_VARIABLE = YES;
				IPHONEOS_DEPLOYMENT_TARGET = 8.1;
				MTL_ENABLE_DEBUG_INFO = YES;
				ONLY_ACTIVE_ARCH = YES;
				SDKROOT = iphoneos;
				SWIFT_OPTIMIZATION_LEVEL = "-Onone";
				TARGETED_DEVICE_FAMILY = "1,2";
				VERSIONING_SYSTEM = "apple-generic";
				VERSION_INFO_PREFIX = "";
			};
			name = Debug;
		};
		4FA9BB1E1AE5354700C94243 /* Release */ = {
			isa = XCBuildConfiguration;
			buildSettings = {
				ALWAYS_SEARCH_USER_PATHS = NO;
				CLANG_CXX_LANGUAGE_STANDARD = "gnu++0x";
				CLANG_CXX_LIBRARY = "libc++";
				CLANG_ENABLE_MODULES = YES;
				CLANG_ENABLE_OBJC_ARC = YES;
				CLANG_WARN_BOOL_CONVERSION = YES;
				CLANG_WARN_CONSTANT_CONVERSION = YES;
				CLANG_WARN_DIRECT_OBJC_ISA_USAGE = YES_ERROR;
				CLANG_WARN_EMPTY_BODY = YES;
				CLANG_WARN_ENUM_CONVERSION = YES;
				CLANG_WARN_INT_CONVERSION = YES;
				CLANG_WARN_OBJC_ROOT_CLASS = YES_ERROR;
				CLANG_WARN_UNREACHABLE_CODE = YES;
				CLANG_WARN__DUPLICATE_METHOD_MATCH = YES;
				"CODE_SIGN_IDENTITY[sdk=iphoneos*]" = "iPhone Developer";
				COPY_PHASE_STRIP = NO;
				CURRENT_PROJECT_VERSION = 1;
				DEBUG_INFORMATION_FORMAT = "dwarf-with-dsym";
				ENABLE_NS_ASSERTIONS = NO;
				ENABLE_STRICT_OBJC_MSGSEND = YES;
				GCC_C_LANGUAGE_STANDARD = gnu99;
				GCC_NO_COMMON_BLOCKS = YES;
				GCC_WARN_64_TO_32_BIT_CONVERSION = YES;
				GCC_WARN_ABOUT_RETURN_TYPE = YES_ERROR;
				GCC_WARN_UNDECLARED_SELECTOR = YES;
				GCC_WARN_UNINITIALIZED_AUTOS = YES_AGGRESSIVE;
				GCC_WARN_UNUSED_FUNCTION = YES;
				GCC_WARN_UNUSED_VARIABLE = YES;
				IPHONEOS_DEPLOYMENT_TARGET = 8.1;
				MTL_ENABLE_DEBUG_INFO = NO;
				SDKROOT = iphoneos;
				TARGETED_DEVICE_FAMILY = "1,2";
				VALIDATE_PRODUCT = YES;
				VERSIONING_SYSTEM = "apple-generic";
				VERSION_INFO_PREFIX = "";
			};
			name = Release;
		};
		4FA9BB201AE5354700C94243 /* Debug */ = {
			isa = XCBuildConfiguration;
			buildSettings = {
				CLANG_ENABLE_MODULES = YES;
				DEFINES_MODULE = YES;
				DYLIB_COMPATIBILITY_VERSION = 1;
				DYLIB_CURRENT_VERSION = 1;
				DYLIB_INSTALL_NAME_BASE = "@rpath";
				INFOPLIST_FILE = Velociraptor/Info.plist;
				INSTALL_PATH = "$(LOCAL_LIBRARY_DIR)/Frameworks";
				IPHONEOS_DEPLOYMENT_TARGET = 8.1;
				LD_RUNPATH_SEARCH_PATHS = "$(inherited) @executable_path/Frameworks @loader_path/Frameworks";
				PRODUCT_NAME = "$(TARGET_NAME)";
				SKIP_INSTALL = YES;
				SWIFT_OPTIMIZATION_LEVEL = "-Onone";
			};
			name = Debug;
		};
		4FA9BB211AE5354700C94243 /* Release */ = {
			isa = XCBuildConfiguration;
			buildSettings = {
				CLANG_ENABLE_MODULES = YES;
				DEFINES_MODULE = YES;
				DYLIB_COMPATIBILITY_VERSION = 1;
				DYLIB_CURRENT_VERSION = 1;
				DYLIB_INSTALL_NAME_BASE = "@rpath";
				INFOPLIST_FILE = Velociraptor/Info.plist;
				INSTALL_PATH = "$(LOCAL_LIBRARY_DIR)/Frameworks";
				IPHONEOS_DEPLOYMENT_TARGET = 8.1;
				LD_RUNPATH_SEARCH_PATHS = "$(inherited) @executable_path/Frameworks @loader_path/Frameworks";
				PRODUCT_NAME = "$(TARGET_NAME)";
				SKIP_INSTALL = YES;
			};
			name = Release;
		};
		4FA9BB231AE5354700C94243 /* Debug */ = {
			isa = XCBuildConfiguration;
			buildSettings = {
				FRAMEWORK_SEARCH_PATHS = (
					"$(SDKROOT)/Developer/Library/Frameworks",
					"$(inherited)",
				);
				GCC_PREPROCESSOR_DEFINITIONS = (
					"DEBUG=1",
					"$(inherited)",
				);
				INFOPLIST_FILE = VelociraptorTests/Info.plist;
				LD_RUNPATH_SEARCH_PATHS = "$(inherited) @executable_path/Frameworks @loader_path/Frameworks";
				PRODUCT_NAME = "$(TARGET_NAME)";
			};
			name = Debug;
		};
		4FA9BB241AE5354700C94243 /* Release */ = {
			isa = XCBuildConfiguration;
			buildSettings = {
				FRAMEWORK_SEARCH_PATHS = (
					"$(SDKROOT)/Developer/Library/Frameworks",
					"$(inherited)",
				);
				INFOPLIST_FILE = VelociraptorTests/Info.plist;
				LD_RUNPATH_SEARCH_PATHS = "$(inherited) @executable_path/Frameworks @loader_path/Frameworks";
				PRODUCT_NAME = "$(TARGET_NAME)";
			};
			name = Release;
		};
/* End XCBuildConfiguration section */

/* Begin XCConfigurationList section */
		4FA9BB031AE5354700C94243 /* Build configuration list for PBXProject "Velociraptor" */ = {
			isa = XCConfigurationList;
			buildConfigurations = (
				4FA9BB1D1AE5354700C94243 /* Debug */,
				4FA9BB1E1AE5354700C94243 /* Release */,
			);
			defaultConfigurationIsVisible = 0;
			defaultConfigurationName = Release;
		};
		4FA9BB1F1AE5354700C94243 /* Build configuration list for PBXNativeTarget "Velociraptor" */ = {
			isa = XCConfigurationList;
			buildConfigurations = (
				4FA9BB201AE5354700C94243 /* Debug */,
				4FA9BB211AE5354700C94243 /* Release */,
			);
			defaultConfigurationIsVisible = 0;
			defaultConfigurationName = Release;
		};
		4FA9BB221AE5354700C94243 /* Build configuration list for PBXNativeTarget "VelociraptorTests" */ = {
			isa = XCConfigurationList;
			buildConfigurations = (
				4FA9BB231AE5354700C94243 /* Debug */,
				4FA9BB241AE5354700C94243 /* Release */,
			);
			defaultConfigurationIsVisible = 0;
			defaultConfigurationName = Release;
		};
/* End XCConfigurationList section */
	};
	rootObject = 4FA9BB001AE5354700C94243 /* Project object */;
}
